
Microsoft Visual Studio Solution File, Format Version 12.00
# Visual Studio Version 17
VisualStudioVersion = 17.4.33020.496
MinimumVisualStudioVersion = 10.0.40219.1
Project("{2150E333-8FDC-42A3-9474-1A3956D46DE8}") = "Solution Items", "Solution Items", "{1C3A77DC-4DE3-47E4-AC31-B9BAEF8082FD}"
	ProjectSection(SolutionItems) = preProject
		..\.github\CONTRIBUTING.md = ..\.github\CONTRIBUTING.md
		..\.github\README.md = ..\.github\README.md
		..\docs\README_nuget.md = ..\docs\README_nuget.md
		..\umbraco-marketplace.json = ..\umbraco-marketplace.json
	EndProjectSection
EndProject
Project("{FAE04EC0-301F-11D3-BF4B-00C04F79EFBC}") = "Keystone.TestSite", "Keystone.TestSite\Keystone.TestSite.csproj", "{73302095-BB67-4A58-85A3-1BC90841D820}"
EndProject
Project("{FAE04EC0-301F-11D3-BF4B-00C04F79EFBC}") = "Keystone", "Keystone\Keystone.csproj", "{7A46A9B7-9FD9-4CAC-80B0-FE732B512E09}"
EndProject
Global
	GlobalSection(SolutionConfigurationPlatforms) = preSolution
		Debug|Any CPU = Debug|Any CPU
		Release|Any CPU = Release|Any CPU
	EndGlobalSection
	GlobalSection(ProjectConfigurationPlatforms) = postSolution
		{73302095-BB67-4A58-85A3-1BC90841D820}.Debug|Any CPU.ActiveCfg = Debug|Any CPU
		{73302095-BB67-4A58-85A3-1BC90841D820}.Debug|Any CPU.Build.0 = Debug|Any CPU
		{73302095-BB67-4A58-85A3-1BC90841D820}.Release|Any CPU.ActiveCfg = Release|Any CPU
		{73302095-BB67-4A58-85A3-1BC90841D820}.Release|Any CPU.Build.0 = Release|Any CPU
		{7A46A9B7-9FD9-4CAC-80B0-FE732B512E09}.Debug|Any CPU.ActiveCfg = Debug|Any CPU
		{7A46A9B7-9FD9-4CAC-80B0-FE732B512E09}.Debug|Any CPU.Build.0 = Debug|Any CPU
		{7A46A9B7-9FD9-4CAC-80B0-FE732B512E09}.Release|Any CPU.ActiveCfg = Release|Any CPU
		{7A46A9B7-9FD9-4CAC-80B0-FE732B512E09}.Release|Any CPU.Build.0 = Release|Any CPU
	EndGlobalSection
	GlobalSection(SolutionProperties) = preSolution
		HideSolutionNode = FALSE
	EndGlobalSection
	GlobalSection(ExtensibilityGlobals) = postSolution
		SolutionGuid = {6F07004F-9903-4AEB-9ED0-BE57A0326D20}
	EndGlobalSection
EndGlobal
